{
  "pins" : [
    {
      "identity" : "alamofire",
      "kind" : "remoteSourceControl",
      "location" : "https://github.com/Alamofire/Alamofire.git",
      "state" : {
        "branch" : "master",
        "revision" : "dc71baf4f1c263ceb419fc306e926a2bb3081c0b"
      }
    },
    {
      "identity" : "alamofireimage",
      "kind" : "remoteSourceControl",
      "location" : "https://github.com/Alamofire/AlamofireImage",
      "state" : {
        "branch" : "master",
        "revision" : "9d73feb4fc6031741130826a685cae597a8c63c7"
      }
    }
  ],
  "version" : 2
}
